// !$*UTF8*$!
{
	archiveVersion = 1;
	classes = {
	};
	objectVersion = 50;
	objects = {

/* Begin PBXBuildFile section */
		62DB13852566A3D3006E742E /* AppDelegate.swift in Sources */ = {isa = PBXBuildFile; fileRef = 62DB13842566A3D3006E742E /* AppDelegate.swift */; };
		62DB13872566A3D3006E742E /* SceneDelegate.swift in Sources */ = {isa = PBXBuildFile; fileRef = 62DB13862566A3D3006E742E /* SceneDelegate.swift */; };
		62DB13892566A3D3006E742E /* ViewController.swift in Sources */ = {isa = PBXBuildFile; fileRef = 62DB13882566A3D3006E742E /* ViewController.swift */; };
		62DB138C2566A3D3006E742E /* Main.storyboard in Resources */ = {isa = PBXBuildFile; fileRef = 62DB138A2566A3D3006E742E /* Main.storyboard */; };
		62DB138E2566A3D7006E742E /* Assets.xcassets in Resources */ = {isa = PBXBuildFile; fileRef = 62DB138D2566A3D7006E742E /* Assets.xcassets */; };
		62DB13912566A3D7006E742E /* LaunchScreen.storyboard in Resources */ = {isa = PBXBuildFile; fileRef = 62DB138F2566A3D7006E742E /* LaunchScreen.storyboard */; };
		62DB139A2566A434006E742E /* CardViewController.swift in Sources */ = {isa = PBXBuildFile; fileRef = 62DB13992566A434006E742E /* CardViewController.swift */; };
/* End PBXBuildFile section */

/* Begin PBXFileReference section */
		62DB13812566A3D3006E742E /* CardViewAnimationWithUIPropertyAnimator.app */ = {isa = PBXFileReference; explicitFileType = wrapper.application; includeInIndex = 0; path = CardViewAnimationWithUIPropertyAnimator.app; sourceTree = BUILT_PRODUCTS_DIR; };
		62DB13842566A3D3006E742E /* AppDelegate.swift */ = {isa = PBXFileReference; lastKnownFileType = sourcecode.swift; path = AppDelegate.swift; sourceTree = "<group>"; };
		62DB13862566A3D3006E742E /* SceneDelegate.swift */ = {isa = PBXFileReference; lastKnownFileType = sourcecode.swift; path = SceneDelegate.swift; sourceTree = "<group>"; };
		62DB13882566A3D3006E742E /* ViewController.swift */ = {isa = PBXFileReference; lastKnownFileType = sourcecode.swift; path = ViewController.swift; sourceTree = "<group>"; };
		62DB138B2566A3D3006E742E /* Base */ = {isa = PBXFileReference; lastKnownFileType = file.storyboard; name = Base; path = Base.lproj/Main.storyboard; sourceTree = "<group>"; };
		62DB138D2566A3D7006E742E /* Assets.xcassets */ = {isa = PBXFileReference; lastKnownFileType = folder.assetcatalog; path = Assets.xcassets; sourceTree = "<group>"; };
		62DB13902566A3D7006E742E /* Base */ = {isa = PBXFileReference; lastKnownFileType = file.storyboard; name = Base; path = Base.lproj/LaunchScreen.storyboard; sourceTree = "<group>"; };
		62DB13922566A3D7006E742E /* Info.plist */ = {isa = PBXFileReference; lastKnownFileType = text.plist.xml; path = Info.plist; sourceTree = "<group>"; };
		62DB13992566A434006E742E /* CardViewController.swift */ = {isa = PBXFileReference; lastKnownFileType = sourcecode.swift; path = CardViewController.swift; sourceTree = "<group>"; };
/* End PBXFileReference section */

/* Begin PBXFrameworksBuildPhase section */
		62DB137E2566A3D3006E742E /* Frameworks */ = {
			isa = PBXFrameworksBuildPhase;
			buildActionMask = 2147483647;
			files = (
			);
			runOnlyForDeploymentPostprocessing = 0;
		};
/* End PBXFrameworksBuildPhase section */

/* Begin PBXGroup section */
		62DB13782566A3D3006E742E = {
			isa = PBXGroup;
			children = (
				62DB13832566A3D3006E742E /* CardViewAnimationWithUIPropertyAnimator */,
				62DB13822566A3D3006E742E /* Products */,
			);
			sourceTree = "<group>";
		};
		62DB13822566A3D3006E742E /* Products */ = {
			isa = PBXGroup;
			children = (
				62DB13812566A3D3006E742E /* CardViewAnimationWithUIPropertyAnimator.app */,
			);
			name = Products;
			sourceTree = "<group>";
		};
		62DB13832566A3D3006E742E /* CardViewAnimationWithUIPropertyAnimator */ = {
			isa = PBXGroup;
			children = (
				62DB13842566A3D3006E742E /* AppDelegate.swift */,
				62DB13862566A3D3006E742E /* SceneDelegate.swift */,
				62DB13882566A3D3006E742E /* ViewController.swift */,
				62DB13992566A434006E742E /* CardViewController.swift */,
				62DB138A2566A3D3006E742E /* Main.storyboard */,
				62DB138D2566A3D7006E742E /* Assets.xcassets */,
				62DB138F2566A3D7006E742E /* LaunchScreen.storyboard */,
				62DB13922566A3D7006E742E /* Info.plist */,
			);
			path = CardViewAnimationWithUIPropertyAnimator;
			sourceTree = "<group>";
		};
/* End PBXGroup section */

/* Begin PBXNativeTarget section */
		62DB13802566A3D3006E742E /* CardViewAnimationWithUIPropertyAnimator */ = {
			isa = PBXNativeTarget;
			buildConfigurationList = 62DB13952566A3D7006E742E /* Build configuration list for PBXNativeTarget "CardViewAnimationWithUIPropertyAnimator" */;
			buildPhases = (
				62DB137D2566A3D3006E742E /* Sources */,
				62DB137E2566A3D3006E742E /* Frameworks */,
				62DB137F2566A3D3006E742E /* Resources */,
			);
			buildRules = (
			);
			dependencies = (
			);
			name = CardViewAnimationWithUIPropertyAnimator;
			productName = CardViewAnimationWithUIPropertyAnimator;
			productReference = 62DB13812566A3D3006E742E /* CardViewAnimationWithUIPropertyAnimator.app */;
			productType = "com.apple.product-type.application";
		};
/* End PBXNativeTarget section */

/* Begin PBXProject section */
		62DB13792566A3D3006E742E /* Project object */ = {
			isa = PBXProject;
			attributes = {
				LastSwiftUpdateCheck = 1220;
				LastUpgradeCheck = 1220;
				TargetAttributes = {
					62DB13802566A3D3006E742E = {
						CreatedOnToolsVersion = 12.2;
					};
				};
			};
			buildConfigurationList = 62DB137C2566A3D3006E742E /* Build configuration list for PBXProject "CardViewAnimationWithUIPropertyAnimator" */;
			compatibilityVersion = "Xcode 9.3";
			developmentRegion = en;
			hasScannedForEncodings = 0;
			knownRegions = (
				en,
				Base,
			);
			mainGroup = 62DB13782566A3D3006E742E;
			productRefGroup = 62DB13822566A3D3006E742E /* Products */;
			projectDirPath = "";
			projectRoot = "";
			targets = (
				62DB13802566A3D3006E742E /* CardViewAnimationWithUIPropertyAnimator */,
			);
		};
/* End PBXProject section */

/* Begin PBXResourcesBuildPhase section */
		62DB137F2566A3D3006E742E /* Resources */ = {
			isa = PBXResourcesBuildPhase;
			buildActionMask = 2147483647;
			files = (
				62DB13912566A3D7006E742E /* LaunchScreen.storyboard in Resources */,
				62DB138E2566A3D7006E742E /* Assets.xcassets in Resources */,
				62DB138C2566A3D3006E742E /* Main.storyboard in Resources */,
			);
			runOnlyForDeploymentPostprocessing = 0;
		};
/* End PBXResourcesBuildPhase section */

/* Begin PBXSourcesBuildPhase section */
		62DB137D2566A3D3006E742E /* Sources */ = {
			isa = PBXSourcesBuildPhase;
			buildActionMask = 2147483647;
			files = (
				62DB139A2566A434006E742E /* CardViewController.swift in Sources */,
				62DB13892566A3D3006E742E /* ViewController.swift in Sources */,
				62DB13852566A3D3006E742E /* AppDelegate.swift in Sources */,
				62DB13872566A3D3006E742E /* SceneDelegate.swift in Sources */,
			);
			runOnlyForDeploymentPostprocessing = 0;
		};
/* End PBXSourcesBuildPhase section */

/* Begin PBXVariantGroup section */
		62DB138A2566A3D3006E742E /* Main.storyboard */ = {
			isa = PBXVariantGroup;
			children = (
				62DB138B2566A3D3006E742E /* Base */,
			);
			name = Main.storyboard;
			sourceTree = "<group>";
		};
		62DB138F2566A3D7006E742E /* LaunchScreen.storyboard */ = {
			isa = PBXVariantGroup;
			children = (
				62DB13902566A3D7006E742E /* Base */,
			);
			name = LaunchScreen.storyboard;
			sourceTree = "<group>";
		};
/* End PBXVariantGroup section */

/* Begin XCBuildConfiguration section */
		62DB13932566A3D7006E742E /* Debug */ = {
			isa = XCBuildConfiguration;
			buildSettings = {
				ALWAYS_SEARCH_USER_PATHS = NO;
				CLANG_ANALYZER_NONNULL = YES;
				CLANG_ANALYZER_NUMBER_OBJECT_CONVERSION = YES_AGGRESSIVE;
				CLANG_CXX_LANGUAGE_STANDARD = "gnu++14";
				CLANG_CXX_LIBRARY = "libc++";
				CLANG_ENABLE_MODULES = YES;
				CLANG_ENABLE_OBJC_ARC = YES;
				CLANG_ENABLE_OBJC_WEAK = YES;
				CLANG_WARN_BLOCK_CAPTURE_AUTORELEASING = YES;
				CLANG_WARN_BOOL_CONVERSION = YES;
				CLANG_WARN_COMMA = YES;
				CLANG_WARN_CONSTANT_CONVERSION = YES;
				CLANG_WARN_DEPRECATED_OBJC_IMPLEMENTATIONS = YES;
				CLANG_WARN_DIRECT_OBJC_ISA_USAGE = YES_ERROR;
				CLANG_WARN_DOCUMENTATION_COMMENTS = YES;
				CLANG_WARN_EMPTY_BODY = YES;
				CLANG_WARN_ENUM_CONVERSION = YES;
				CLANG_WARN_INFINITE_RECURSION = YES;
				CLANG_WARN_INT_CONVERSION = YES;
				CLANG_WARN_NON_LITERAL_NULL_CONVERSION = YES;
				CLANG_WARN_OBJC_IMPLICIT_RETAIN_SELF = YES;
				CLANG_WARN_OBJC_LITERAL_CONVERSION = YES;
				CLANG_WARN_OBJC_ROOT_CLASS = YES_ERROR;
				CLANG_WARN_QUOTED_INCLUDE_IN_FRAMEWORK_HEADER = YES;
				CLANG_WARN_RANGE_LOOP_ANALYSIS = YES;
				CLANG_WARN_STRICT_PROTOTYPES = YES;
				CLANG_WARN_SUSPICIOUS_MOVE = YES;
				CLANG_WARN_UNGUARDED_AVAILABILITY = YES_AGGRESSIVE;
				CLANG_WARN_UNREACHABLE_CODE = YES;
				CLANG_WARN__DUPLICATE_METHOD_MATCH = YES;
				COPY_PHASE_STRIP = NO;
				DEBUG_INFORMATION_FORMAT = dwarf;
				ENABLE_STRICT_OBJC_MSGSEND = YES;
				ENABLE_TESTABILITY = YES;
				GCC_C_LANGUAGE_STANDARD = gnu11;
				GCC_DYNAMIC_NO_PIC = NO;
				GCC_NO_COMMON_BLOCKS = YES;
				GCC_OPTIMIZATION_LEVEL = 0;
				GCC_PREPROCESSOR_DEFINITIONS = (
					"DEBUG=1",
					"$(inherited)",
				);
				GCC_WARN_64_TO_32_BIT_CONVERSION = YES;
				GCC_WARN_ABOUT_RETURN_TYPE = YES_ERROR;
				GCC_WARN_UNDECLARED_SELECTOR = YES;
				GCC_WARN_UNINITIALIZED_AUTOS = YES_AGGRESSIVE;
				GCC_WARN_UNUSED_FUNCTION = YES;
				GCC_WARN_UNUSED_VARIABLE = YES;
				IPHONEOS_DEPLOYMENT_TARGET = 14.2;
				MTL_ENABLE_DEBUG_INFO = INCLUDE_SOURCE;
				MTL_FAST_MATH = YES;
				ONLY_ACTIVE_ARCH = YES;
				SDKROOT = iphoneos;
				SWIFT_ACTIVE_COMPILATION_CONDITIONS = DEBUG;
				SWIFT_OPTIMIZATION_LEVEL = "-Onone";
			};
			name = Debug;
		};
		62DB13942566A3D7006E742E /* Release */ = {
			isa = XCBuildConfiguration;
			buildSettings = {
				ALWAYS_SEARCH_USER_PATHS = NO;
				CLANG_ANALYZER_NONNULL = YES;
				CLANG_ANALYZER_NUMBER_OBJECT_CONVERSION = YES_AGGRESSIVE;
				CLANG_CXX_LANGUAGE_STANDARD = "gnu++14";
				CLANG_CXX_LIBRARY = "libc++";
				CLANG_ENABLE_MODULES = YES;
				CLANG_ENABLE_OBJC_ARC = YES;
				CLANG_ENABLE_OBJC_WEAK = YES;
				CLANG_WARN_BLOCK_CAPTURE_AUTORELEASING = YES;
				CLANG_WARN_BOOL_CONVERSION = YES;
				CLANG_WARN_COMMA = YES;
				CLANG_WARN_CONSTANT_CONVERSION = YES;
				CLANG_WARN_DEPRECATED_OBJC_IMPLEMENTATIONS = YES;
				CLANG_WARN_DIRECT_OBJC_ISA_USAGE = YES_ERROR;
				CLANG_WARN_DOCUMENTATION_COMMENTS = YES;
				CLANG_WARN_EMPTY_BODY = YES;
				CLANG_WARN_ENUM_CONVERSION = YES;
				CLANG_WARN_INFINITE_RECURSION = YES;
				CLANG_WARN_INT_CONVERSION = YES;
				CLANG_WARN_NON_LITERAL_NULL_CONVERSION = YES;
				CLANG_WARN_OBJC_IMPLICIT_RETAIN_SELF = YES;
				CLANG_WARN_OBJC_LITERAL_CONVERSION = YES;
				CLANG_WARN_OBJC_ROOT_CLASS = YES_ERROR;
				CLANG_WARN_QUOTED_INCLUDE_IN_FRAMEWORK_HEADER = YES;
				CLANG_WARN_RANGE_LOOP_ANALYSIS = YES;
				CLANG_WARN_STRICT_PROTOTYPES = YES;
				CLANG_WARN_SUSPICIOUS_MOVE = YES;
				CLANG_WARN_UNGUARDED_AVAILABILITY = YES_AGGRESSIVE;
				CLANG_WARN_UNREACHABLE_CODE = YES;
				CLANG_WARN__DUPLICATE_METHOD_MATCH = YES;
				COPY_PHASE_STRIP = NO;
				DEBUG_INFORMATION_FORMAT = "dwarf-with-dsym";
				ENABLE_NS_ASSERTIONS = NO;
				ENABLE_STRICT_OBJC_MSGSEND = YES;
				GCC_C_LANGUAGE_STANDARD = gnu11;
				GCC_NO_COMMON_BLOCKS = YES;
				GCC_WARN_64_TO_32_BIT_CONVERSION = YES;
				GCC_WARN_ABOUT_RETURN_TYPE = YES_ERROR;
				GCC_WARN_UNDECLARED_SELECTOR = YES;
				GCC_WARN_UNINITIALIZED_AUTOS = YES_AGGRESSIVE;
				GCC_WARN_UNUSED_FUNCTION = YES;
				GCC_WARN_UNUSED_VARIABLE = YES;
				IPHONEOS_DEPLOYMENT_TARGET = 14.2;
				MTL_ENABLE_DEBUG_INFO = NO;
				MTL_FAST_MATH = YES;
				SDKROOT = iphoneos;
				SWIFT_COMPILATION_MODE = wholemodule;
				SWIFT_OPTIMIZATION_LEVEL = "-O";
				VALIDATE_PRODUCT = YES;
			};
			name = Release;
		};
		62DB13962566A3D7006E742E /* Debug */ = {
			isa = XCBuildConfiguration;
			buildSettings = {
				ASSETCATALOG_COMPILER_APPICON_NAME = AppIcon;
				ASSETCATALOG_COMPILER_GLOBAL_ACCENT_COLOR_NAME = AccentColor;
				CODE_SIGN_STYLE = Automatic;
				INFOPLIST_FILE = CardViewAnimationWithUIPropertyAnimator/Info.plist;
				LD_RUNPATH_SEARCH_PATHS = (
					"$(inherited)",
					"@executable_path/Frameworks",
				);
				PRODUCT_BUNDLE_IDENTIFIER = com.choshim.wy.CardViewAnimationWithUIPropertyAnimator;
				PRODUCT_NAME = "$(TARGET_NAME)";
				SWIFT_VERSION = 5.0;
				TARGETED_DEVICE_FAMILY = "1,2";
			};
			name = Debug;
		};
		62DB13972566A3D7006E742E /* Release */ = {
			isa = XCBuildConfiguration;
			buildSettings = {
				ASSETCATALOG_COMPILER_APPICON_NAME = AppIcon;
				ASSETCATALOG_COMPILER_GLOBAL_ACCENT_COLOR_NAME = AccentColor;
				CODE_SIGN_STYLE = Automatic;
				INFOPLIST_FILE = CardViewAnimationWithUIPropertyAnimator/Info.plist;
				LD_RUNPATH_SEARCH_PATHS = (
					"$(inherited)",
					"@executable_path/Frameworks",
				);
				PRODUCT_BUNDLE_IDENTIFIER = com.choshim.wy.CardViewAnimationWithUIPropertyAnimator;
				PRODUCT_NAME = "$(TARGET_NAME)";
				SWIFT_VERSION = 5.0;
				TARGETED_DEVICE_FAMILY = "1,2";
			};
			name = Release;
		};
/* End XCBuildConfiguration section */

/* Begin XCConfigurationList section */
		62DB137C2566A3D3006E742E /* Build configuration list for PBXProject "CardViewAnimationWithUIPropertyAnimator" */ = {
			isa = XCConfigurationList;
			buildConfigurations = (
				62DB13932566A3D7006E742E /* Debug */,
				62DB13942566A3D7006E742E /* Release */,
			);
			defaultConfigurationIsVisible = 0;
			defaultConfigurationName = Release;
		};
		62DB13952566A3D7006E742E /* Build configuration list for PBXNativeTarget "CardViewAnimationWithUIPropertyAnimator" */ = {
			isa = XCConfigurationList;
			buildConfigurations = (
				62DB13962566A3D7006E742E /* Debug */,
				62DB13972566A3D7006E742E /* Release */,
			);
			defaultConfigurationIsVisible = 0;
			defaultConfigurationName = Release;
		};
/* End XCConfigurationList section */
	};
	rootObject = 62DB13792566A3D3006E742E /* Project object */;
}
